
Microsoft Visual Studio Solution File, Format Version 12.00
# Visual Studio Version 16
VisualStudioVersion = 16.0.30114.105
MinimumVisualStudioVersion = 10.0.40219.1
Project("{FAE04EC0-301F-11D3-BF4B-00C04F79EFBC}") = "R5T.Kefalonia.Base", "R5T.Kefalonia.Base\R5T.Kefalonia.Base.csproj", "{EF33B40E-4EC2-4A21-B094-CFC9BCCFDD3A}"
EndProject
Project("{FAE04EC0-301F-11D3-BF4B-00C04F79EFBC}") = "R5T.Kefalonia.Base.Construction", "R5T.Kefalonia.Base.Construction\R5T.Kefalonia.Base.Construction.csproj", "{9E8D2BC2-43E5-40C0-BEFD-5E8B64F828AA}"
EndProject
Project("{2150E333-8FDC-42A3-9474-1A3956D46DE8}") = "_Dependencies", "_Dependencies", "{D9E121B1-FF97-4E93-8BE0-373863663CFE}"
EndProject
Project("{FAE04EC0-301F-11D3-BF4B-00C04F79EFBC}") = "R5T.T0064", "..\..\R5T.T0064\source\R5T.T0064\R5T.T0064.csproj", "{C446552B-86D5-4E22-912B-BB236F29582D}"
EndProject
Global
	GlobalSection(SolutionConfigurationPlatforms) = preSolution
		Debug|Any CPU = Debug|Any CPU
		Debug|x64 = Debug|x64
		Debug|x86 = Debug|x86
		Release|Any CPU = Release|Any CPU
		Release|x64 = Release|x64
		Release|x86 = Release|x86
	EndGlobalSection
	GlobalSection(SolutionProperties) = preSolution
		HideSolutionNode = FALSE
	EndGlobalSection
	GlobalSection(ProjectConfigurationPlatforms) = postSolution
		{EF33B40E-4EC2-4A21-B094-CFC9BCCFDD3A}.Debug|Any CPU.ActiveCfg = Debug|Any CPU
		{EF33B40E-4EC2-4A21-B094-CFC9BCCFDD3A}.Debug|Any CPU.Build.0 = Debug|Any CPU
		{EF33B40E-4EC2-4A21-B094-CFC9BCCFDD3A}.Debug|x64.ActiveCfg = Debug|Any CPU
		{EF33B40E-4EC2-4A21-B094-CFC9BCCFDD3A}.Debug|x64.Build.0 = Debug|Any CPU
		{EF33B40E-4EC2-4A21-B094-CFC9BCCFDD3A}.Debug|x86.ActiveCfg = Debug|Any CPU
		{EF33B40E-4EC2-4A21-B094-CFC9BCCFDD3A}.Debug|x86.Build.0 = Debug|Any CPU
		{EF33B40E-4EC2-4A21-B094-CFC9BCCFDD3A}.Release|Any CPU.ActiveCfg = Release|Any CPU
		{EF33B40E-4EC2-4A21-B094-CFC9BCCFDD3A}.Release|Any CPU.Build.0 = Release|Any CPU
		{EF33B40E-4EC2-4A21-B094-CFC9BCCFDD3A}.Release|x64.ActiveCfg = Release|Any CPU
		{EF33B40E-4EC2-4A21-B094-CFC9BCCFDD3A}.Release|x64.Build.0 = Release|Any CPU
		{EF33B40E-4EC2-4A21-B094-CFC9BCCFDD3A}.Release|x86.ActiveCfg = Release|Any CPU
		{EF33B40E-4EC2-4A21-B094-CFC9BCCFDD3A}.Release|x86.Build.0 = Release|Any CPU
		{9E8D2BC2-43E5-40C0-BEFD-5E8B64F828AA}.Debug|Any CPU.ActiveCfg = Debug|Any CPU
		{9E8D2BC2-43E5-40C0-BEFD-5E8B64F828AA}.Debug|Any CPU.Build.0 = Debug|Any CPU
		{9E8D2BC2-43E5-40C0-BEFD-5E8B64F828AA}.Debug|x64.ActiveCfg = Debug|Any CPU
		{9E8D2BC2-43E5-40C0-BEFD-5E8B64F828AA}.Debug|x64.Build.0 = Debug|Any CPU
		{9E8D2BC2-43E5-40C0-BEFD-5E8B64F828AA}.Debug|x86.ActiveCfg = Debug|Any CPU
		{9E8D2BC2-43E5-40C0-BEFD-5E8B64F828AA}.Debug|x86.Build.0 = Debug|Any CPU
		{9E8D2BC2-43E5-40C0-BEFD-5E8B64F828AA}.Release|Any CPU.ActiveCfg = Release|Any CPU
		{9E8D2BC2-43E5-40C0-BEFD-5E8B64F828AA}.Release|Any CPU.Build.0 = Release|Any CPU
		{9E8D2BC2-43E5-40C0-BEFD-5E8B64F828AA}.Release|x64.ActiveCfg = Release|Any CPU
		{9E8D2BC2-43E5-40C0-BEFD-5E8B64F828AA}.Release|x64.Build.0 = Release|Any CPU
		{9E8D2BC2-43E5-40C0-BEFD-5E8B64F828AA}.Release|x86.ActiveCfg = Release|Any CPU
		{9E8D2BC2-43E5-40C0-BEFD-5E8B64F828AA}.Release|x86.Build.0 = Release|Any CPU
		{C446552B-86D5-4E22-912B-BB236F29582D}.Debug|Any CPU.ActiveCfg = Debug|Any CPU
		{C446552B-86D5-4E22-912B-BB236F29582D}.Debug|Any CPU.Build.0 = Debug|Any CPU
		{C446552B-86D5-4E22-912B-BB236F29582D}.Debug|x64.ActiveCfg = Debug|Any CPU
		{C446552B-86D5-4E22-912B-BB236F29582D}.Debug|x64.Build.0 = Debug|Any CPU
		{C446552B-86D5-4E22-912B-BB236F29582D}.Debug|x86.ActiveCfg = Debug|Any CPU
		{C446552B-86D5-4E22-912B-BB236F29582D}.Debug|x86.Build.0 = Debug|Any CPU
		{C446552B-86D5-4E22-912B-BB236F29582D}.Release|Any CPU.ActiveCfg = Release|Any CPU
		{C446552B-86D5-4E22-912B-BB236F29582D}.Release|Any CPU.Build.0 = Release|Any CPU
		{C446552B-86D5-4E22-912B-BB236F29582D}.Release|x64.ActiveCfg = Release|Any CPU
		{C446552B-86D5-4E22-912B-BB236F29582D}.Release|x64.Build.0 = Release|Any CPU
		{C446552B-86D5-4E22-912B-BB236F29582D}.Release|x86.ActiveCfg = Release|Any CPU
		{C446552B-86D5-4E22-912B-BB236F29582D}.Release|x86.Build.0 = Release|Any CPU
	EndGlobalSection
	GlobalSection(NestedProjects) = preSolution
		{C446552B-86D5-4E22-912B-BB236F29582D} = {D9E121B1-FF97-4E93-8BE0-373863663CFE}
	EndGlobalSection
EndGlobal
