
Microsoft Visual Studio Solution File, Format Version 12.00
# Visual Studio 15
VisualStudioVersion = 15.0.26124.0
MinimumVisualStudioVersion = 15.0.26124.0
Project("{FAE04EC0-301F-11D3-BF4B-00C04F79EFBC}") = "R5T.Kefalonia.Base.Construction", "R5T.Kefalonia.Base.Construction\R5T.Kefalonia.Base.Construction.csproj", "{92AF90DA-1207-49D5-970D-CC9616DF62D6}"
EndProject
Project("{FAE04EC0-301F-11D3-BF4B-00C04F79EFBC}") = "R5T.Kefalonia.Base", "R5T.Kefalonia.Base\R5T.Kefalonia.Base.csproj", "{7A637D82-A6FB-4FA7-8D43-73CF4782DC64}"
EndProject
Global
	GlobalSection(SolutionConfigurationPlatforms) = preSolution
		Debug|Any CPU = Debug|Any CPU
		Debug|x64 = Debug|x64
		Debug|x86 = Debug|x86
		Release|Any CPU = Release|Any CPU
		Release|x64 = Release|x64
		Release|x86 = Release|x86
	EndGlobalSection
	GlobalSection(SolutionProperties) = preSolution
		HideSolutionNode = FALSE
	EndGlobalSection
	GlobalSection(ProjectConfigurationPlatforms) = postSolution
		{92AF90DA-1207-49D5-970D-CC9616DF62D6}.Debug|Any CPU.ActiveCfg = Debug|Any CPU
		{92AF90DA-1207-49D5-970D-CC9616DF62D6}.Debug|Any CPU.Build.0 = Debug|Any CPU
		{92AF90DA-1207-49D5-970D-CC9616DF62D6}.Debug|x64.ActiveCfg = Debug|Any CPU
		{92AF90DA-1207-49D5-970D-CC9616DF62D6}.Debug|x64.Build.0 = Debug|Any CPU
		{92AF90DA-1207-49D5-970D-CC9616DF62D6}.Debug|x86.ActiveCfg = Debug|Any CPU
		{92AF90DA-1207-49D5-970D-CC9616DF62D6}.Debug|x86.Build.0 = Debug|Any CPU
		{92AF90DA-1207-49D5-970D-CC9616DF62D6}.Release|Any CPU.ActiveCfg = Release|Any CPU
		{92AF90DA-1207-49D5-970D-CC9616DF62D6}.Release|Any CPU.Build.0 = Release|Any CPU
		{92AF90DA-1207-49D5-970D-CC9616DF62D6}.Release|x64.ActiveCfg = Release|Any CPU
		{92AF90DA-1207-49D5-970D-CC9616DF62D6}.Release|x64.Build.0 = Release|Any CPU
		{92AF90DA-1207-49D5-970D-CC9616DF62D6}.Release|x86.ActiveCfg = Release|Any CPU
		{92AF90DA-1207-49D5-970D-CC9616DF62D6}.Release|x86.Build.0 = Release|Any CPU
		{7A637D82-A6FB-4FA7-8D43-73CF4782DC64}.Debug|Any CPU.ActiveCfg = Debug|Any CPU
		{7A637D82-A6FB-4FA7-8D43-73CF4782DC64}.Debug|Any CPU.Build.0 = Debug|Any CPU
		{7A637D82-A6FB-4FA7-8D43-73CF4782DC64}.Debug|x64.ActiveCfg = Debug|Any CPU
		{7A637D82-A6FB-4FA7-8D43-73CF4782DC64}.Debug|x64.Build.0 = Debug|Any CPU
		{7A637D82-A6FB-4FA7-8D43-73CF4782DC64}.Debug|x86.ActiveCfg = Debug|Any CPU
		{7A637D82-A6FB-4FA7-8D43-73CF4782DC64}.Debug|x86.Build.0 = Debug|Any CPU
		{7A637D82-A6FB-4FA7-8D43-73CF4782DC64}.Release|Any CPU.ActiveCfg = Release|Any CPU
		{7A637D82-A6FB-4FA7-8D43-73CF4782DC64}.Release|Any CPU.Build.0 = Release|Any CPU
		{7A637D82-A6FB-4FA7-8D43-73CF4782DC64}.Release|x64.ActiveCfg = Release|Any CPU
		{7A637D82-A6FB-4FA7-8D43-73CF4782DC64}.Release|x64.Build.0 = Release|Any CPU
		{7A637D82-A6FB-4FA7-8D43-73CF4782DC64}.Release|x86.ActiveCfg = Release|Any CPU
		{7A637D82-A6FB-4FA7-8D43-73CF4782DC64}.Release|x86.Build.0 = Release|Any CPU
	EndGlobalSection
EndGlobal
